
Microsoft Visual Studio Solution File, Format Version 12.00
# Visual Studio 2012
Project("{FAE04EC0-301F-11D3-BF4B-00C04F79EFBC}") = "FestivalApp", "FestivalApp\FestivalApp.csproj", "{BEAD4535-1425-4124-99B3-3805041081D1}"
EndProject
Project("{FAE04EC0-301F-11D3-BF4B-00C04F79EFBC}") = "SSA_Festival", "SSA_Festival\SSA_Festival.csproj", "{70FDF525-74F3-4079-B10B-DCB7958D6D7C}"
EndProject
Project("{FAE04EC0-301F-11D3-BF4B-00C04F79EFBC}") = "FestivalLib", "FestivalLib\FestivalLib.csproj", "{1B41A12A-03BA-40F2-AA64-1BF8DF73AE2D}"
EndProject
Project("{FAE04EC0-301F-11D3-BF4B-00C04F79EFBC}") = "RestService", "RestService\RestService.csproj", "{D36E5A37-9EC0-4A0B-A4B7-4B593D2CF890}"
EndProject
Project("{FAE04EC0-301F-11D3-BF4B-00C04F79EFBC}") = "StoreApp", "StoreApp\StoreApp.csproj", "{E42FC850-470E-4AC7-85FA-3AC170DB8828}"
EndProject
Project("{FAE04EC0-301F-11D3-BF4B-00C04F79EFBC}") = "FestivalLibPortable", "FestivalLibPortable\FestivalLibPortable.csproj", "{D1DC0958-1F39-4B43-BFEB-21BD60864855}"
EndProject
Global
	GlobalSection(SolutionConfigurationPlatforms) = preSolution
		Debug|Any CPU = Debug|Any CPU
		Debug|ARM = Debug|ARM
		Debug|x64 = Debug|x64
		Debug|x86 = Debug|x86
		Release|Any CPU = Release|Any CPU
		Release|ARM = Release|ARM
		Release|x64 = Release|x64
		Release|x86 = Release|x86
	EndGlobalSection
	GlobalSection(ProjectConfigurationPlatforms) = postSolution
		{BEAD4535-1425-4124-99B3-3805041081D1}.Debug|Any CPU.ActiveCfg = Debug|Any CPU
		{BEAD4535-1425-4124-99B3-3805041081D1}.Debug|Any CPU.Build.0 = Debug|Any CPU
		{BEAD4535-1425-4124-99B3-3805041081D1}.Debug|ARM.ActiveCfg = Debug|Any CPU
		{BEAD4535-1425-4124-99B3-3805041081D1}.Debug|x64.ActiveCfg = Debug|Any CPU
		{BEAD4535-1425-4124-99B3-3805041081D1}.Debug|x86.ActiveCfg = Debug|Any CPU
		{BEAD4535-1425-4124-99B3-3805041081D1}.Release|Any CPU.ActiveCfg = Release|Any CPU
		{BEAD4535-1425-4124-99B3-3805041081D1}.Release|Any CPU.Build.0 = Release|Any CPU
		{BEAD4535-1425-4124-99B3-3805041081D1}.Release|ARM.ActiveCfg = Release|Any CPU
		{BEAD4535-1425-4124-99B3-3805041081D1}.Release|x64.ActiveCfg = Release|Any CPU
		{BEAD4535-1425-4124-99B3-3805041081D1}.Release|x86.ActiveCfg = Release|Any CPU
		{70FDF525-74F3-4079-B10B-DCB7958D6D7C}.Debug|Any CPU.ActiveCfg = Debug|Any CPU
		{70FDF525-74F3-4079-B10B-DCB7958D6D7C}.Debug|Any CPU.Build.0 = Debug|Any CPU
		{70FDF525-74F3-4079-B10B-DCB7958D6D7C}.Debug|ARM.ActiveCfg = Debug|Any CPU
		{70FDF525-74F3-4079-B10B-DCB7958D6D7C}.Debug|x64.ActiveCfg = Debug|Any CPU
		{70FDF525-74F3-4079-B10B-DCB7958D6D7C}.Debug|x86.ActiveCfg = Debug|Any CPU
		{70FDF525-74F3-4079-B10B-DCB7958D6D7C}.Release|Any CPU.ActiveCfg = Release|Any CPU
		{70FDF525-74F3-4079-B10B-DCB7958D6D7C}.Release|Any CPU.Build.0 = Release|Any CPU
		{70FDF525-74F3-4079-B10B-DCB7958D6D7C}.Release|ARM.ActiveCfg = Release|Any CPU
		{70FDF525-74F3-4079-B10B-DCB7958D6D7C}.Release|x64.ActiveCfg = Release|Any CPU
		{70FDF525-74F3-4079-B10B-DCB7958D6D7C}.Release|x86.ActiveCfg = Release|Any CPU
		{1B41A12A-03BA-40F2-AA64-1BF8DF73AE2D}.Debug|Any CPU.ActiveCfg = Debug|Any CPU
		{1B41A12A-03BA-40F2-AA64-1BF8DF73AE2D}.Debug|Any CPU.Build.0 = Debug|Any CPU
		{1B41A12A-03BA-40F2-AA64-1BF8DF73AE2D}.Debug|ARM.ActiveCfg = Debug|Any CPU
		{1B41A12A-03BA-40F2-AA64-1BF8DF73AE2D}.Debug|x64.ActiveCfg = Debug|Any CPU
		{1B41A12A-03BA-40F2-AA64-1BF8DF73AE2D}.Debug|x86.ActiveCfg = Debug|Any CPU
		{1B41A12A-03BA-40F2-AA64-1BF8DF73AE2D}.Release|Any CPU.ActiveCfg = Release|Any CPU
		{1B41A12A-03BA-40F2-AA64-1BF8DF73AE2D}.Release|Any CPU.Build.0 = Release|Any CPU
		{1B41A12A-03BA-40F2-AA64-1BF8DF73AE2D}.Release|ARM.ActiveCfg = Release|Any CPU
		{1B41A12A-03BA-40F2-AA64-1BF8DF73AE2D}.Release|x64.ActiveCfg = Release|Any CPU
		{1B41A12A-03BA-40F2-AA64-1BF8DF73AE2D}.Release|x86.ActiveCfg = Release|Any CPU
		{D36E5A37-9EC0-4A0B-A4B7-4B593D2CF890}.Debug|Any CPU.ActiveCfg = Debug|Any CPU
		{D36E5A37-9EC0-4A0B-A4B7-4B593D2CF890}.Debug|Any CPU.Build.0 = Debug|Any CPU
		{D36E5A37-9EC0-4A0B-A4B7-4B593D2CF890}.Debug|ARM.ActiveCfg = Debug|Any CPU
		{D36E5A37-9EC0-4A0B-A4B7-4B593D2CF890}.Debug|x64.ActiveCfg = Debug|Any CPU
		{D36E5A37-9EC0-4A0B-A4B7-4B593D2CF890}.Debug|x86.ActiveCfg = Debug|Any CPU
		{D36E5A37-9EC0-4A0B-A4B7-4B593D2CF890}.Release|Any CPU.ActiveCfg = Release|Any CPU
		{D36E5A37-9EC0-4A0B-A4B7-4B593D2CF890}.Release|Any CPU.Build.0 = Release|Any CPU
		{D36E5A37-9EC0-4A0B-A4B7-4B593D2CF890}.Release|ARM.ActiveCfg = Release|Any CPU
		{D36E5A37-9EC0-4A0B-A4B7-4B593D2CF890}.Release|x64.ActiveCfg = Release|Any CPU
		{D36E5A37-9EC0-4A0B-A4B7-4B593D2CF890}.Release|x86.ActiveCfg = Release|Any CPU
		{E42FC850-470E-4AC7-85FA-3AC170DB8828}.Debug|Any CPU.ActiveCfg = Debug|Any CPU
		{E42FC850-470E-4AC7-85FA-3AC170DB8828}.Debug|Any CPU.Build.0 = Debug|Any CPU
		{E42FC850-470E-4AC7-85FA-3AC170DB8828}.Debug|Any CPU.Deploy.0 = Debug|Any CPU
		{E42FC850-470E-4AC7-85FA-3AC170DB8828}.Debug|ARM.ActiveCfg = Debug|ARM
		{E42FC850-470E-4AC7-85FA-3AC170DB8828}.Debug|ARM.Build.0 = Debug|ARM
		{E42FC850-470E-4AC7-85FA-3AC170DB8828}.Debug|ARM.Deploy.0 = Debug|ARM
		{E42FC850-470E-4AC7-85FA-3AC170DB8828}.Debug|x64.ActiveCfg = Debug|x64
		{E42FC850-470E-4AC7-85FA-3AC170DB8828}.Debug|x64.Build.0 = Debug|x64
		{E42FC850-470E-4AC7-85FA-3AC170DB8828}.Debug|x64.Deploy.0 = Debug|x64
		{E42FC850-470E-4AC7-85FA-3AC170DB8828}.Debug|x86.ActiveCfg = Debug|x86
		{E42FC850-470E-4AC7-85FA-3AC170DB8828}.Debug|x86.Build.0 = Debug|x86
		{E42FC850-470E-4AC7-85FA-3AC170DB8828}.Debug|x86.Deploy.0 = Debug|x86
		{E42FC850-470E-4AC7-85FA-3AC170DB8828}.Release|Any CPU.ActiveCfg = Release|Any CPU
		{E42FC850-470E-4AC7-85FA-3AC170DB8828}.Release|Any CPU.Build.0 = Release|Any CPU
		{E42FC850-470E-4AC7-85FA-3AC170DB8828}.Release|Any CPU.Deploy.0 = Release|Any CPU
		{E42FC850-470E-4AC7-85FA-3AC170DB8828}.Release|ARM.ActiveCfg = Release|ARM
		{E42FC850-470E-4AC7-85FA-3AC170DB8828}.Release|ARM.Build.0 = Release|ARM
		{E42FC850-470E-4AC7-85FA-3AC170DB8828}.Release|ARM.Deploy.0 = Release|ARM
		{E42FC850-470E-4AC7-85FA-3AC170DB8828}.Release|x64.ActiveCfg = Release|x64
		{E42FC850-470E-4AC7-85FA-3AC170DB8828}.Release|x64.Build.0 = Release|x64
		{E42FC850-470E-4AC7-85FA-3AC170DB8828}.Release|x64.Deploy.0 = Release|x64
		{E42FC850-470E-4AC7-85FA-3AC170DB8828}.Release|x86.ActiveCfg = Release|x86
		{E42FC850-470E-4AC7-85FA-3AC170DB8828}.Release|x86.Build.0 = Release|x86
		{E42FC850-470E-4AC7-85FA-3AC170DB8828}.Release|x86.Deploy.0 = Release|x86
		{D1DC0958-1F39-4B43-BFEB-21BD60864855}.Debug|Any CPU.ActiveCfg = Debug|Any CPU
		{D1DC0958-1F39-4B43-BFEB-21BD60864855}.Debug|Any CPU.Build.0 = Debug|Any CPU
		{D1DC0958-1F39-4B43-BFEB-21BD60864855}.Debug|ARM.ActiveCfg = Debug|Any CPU
		{D1DC0958-1F39-4B43-BFEB-21BD60864855}.Debug|x64.ActiveCfg = Debug|Any CPU
		{D1DC0958-1F39-4B43-BFEB-21BD60864855}.Debug|x86.ActiveCfg = Debug|Any CPU
		{D1DC0958-1F39-4B43-BFEB-21BD60864855}.Release|Any CPU.ActiveCfg = Release|Any CPU
		{D1DC0958-1F39-4B43-BFEB-21BD60864855}.Release|Any CPU.Build.0 = Release|Any CPU
		{D1DC0958-1F39-4B43-BFEB-21BD60864855}.Release|ARM.ActiveCfg = Release|Any CPU
		{D1DC0958-1F39-4B43-BFEB-21BD60864855}.Release|x64.ActiveCfg = Release|Any CPU
		{D1DC0958-1F39-4B43-BFEB-21BD60864855}.Release|x86.ActiveCfg = Release|Any CPU
	EndGlobalSection
	GlobalSection(SolutionProperties) = preSolution
		HideSolutionNode = FALSE
	EndGlobalSection
EndGlobal
